
Microsoft Visual Studio Solution File, Format Version 12.00
# Visual Studio Version 16
VisualStudioVersion = 16.0.30225.117
MinimumVisualStudioVersion = 10.0.40219.1
Project("{FAE04EC0-301F-11D3-BF4B-00C04F79EFBC}") = "RieskostenFormsCSharpvoorbeeld", "RieskostenFormsCSharpvoorbeeld.csproj", "{1FE97908-3477-4BBF-BF7F-6E092523B407}"
EndProject
Global
	GlobalSection(SolutionConfigurationPlatforms) = preSolution
		Debug|Any CPU = Debug|Any CPU
		Release|Any CPU = Release|Any CPU
	EndGlobalSection
	GlobalSection(ProjectConfigurationPlatforms) = postSolution
		{1FE97908-3477-4BBF-BF7F-6E092523B407}.Debug|Any CPU.ActiveCfg = Debug|Any CPU
		{1FE97908-3477-4BBF-BF7F-6E092523B407}.Debug|Any CPU.Build.0 = Debug|Any CPU
		{1FE97908-3477-4BBF-BF7F-6E092523B407}.Release|Any CPU.ActiveCfg = Release|Any CPU
		{1FE97908-3477-4BBF-BF7F-6E092523B407}.Release|Any CPU.Build.0 = Release|Any CPU
	EndGlobalSection
	GlobalSection(SolutionProperties) = preSolution
		HideSolutionNode = FALSE
	EndGlobalSection
	GlobalSection(ExtensibilityGlobals) = postSolution
		SolutionGuid = {57FA8EBE-C475-4B8B-BB4B-E9AB9E5B12D8}
	EndGlobalSection
EndGlobal
